// !$*UTF8*$!
{
	archiveVersion = 1;
	classes = {
	};
	objectVersion = 46;
	objects = {

/* Begin PBXBuildFile section */
		1F021E831984FBB000CA831C /* PDBRestWebService.swift in Sources */ = {isa = PBXBuildFile; fileRef = 1F021E821984FBB000CA831C /* PDBRestWebService.swift */; };
		1F09BDC5198060340000AB61 /* 1bbe.pdb in Resources */ = {isa = PBXBuildFile; fileRef = 1F09BDA8198060340000AB61 /* 1bbe.pdb */; };
		1F09BDC6198060340000AB61 /* 1CF7.pdb in Resources */ = {isa = PBXBuildFile; fileRef = 1F09BDA9198060340000AB61 /* 1CF7.pdb */; };
		1F09BDC7198060340000AB61 /* 1iyu.pdb in Resources */ = {isa = PBXBuildFile; fileRef = 1F09BDAA198060340000AB61 /* 1iyu.pdb */; };
		1F09BDC8198060340000AB61 /* 1pse.pdb in Resources */ = {isa = PBXBuildFile; fileRef = 1F09BDAB198060340000AB61 /* 1pse.pdb */; };
		1F09BDC9198060340000AB61 /* 3INS.pdb in Resources */ = {isa = PBXBuildFile; fileRef = 1F09BDAC198060340000AB61 /* 3INS.pdb */; };
		1F09BDCA198060340000AB61 /* 3RFM.pdb in Resources */ = {isa = PBXBuildFile; fileRef = 1F09BDAD198060340000AB61 /* 3RFM.pdb */; };
		1F09BDCB198060340000AB61 /* 132l.pdb in Resources */ = {isa = PBXBuildFile; fileRef = 1F09BDAE198060340000AB61 /* 132l.pdb */; };
		1F09BDCC198060340000AB61 /* ala.pdb in Resources */ = {isa = PBXBuildFile; fileRef = 1F09BDAF198060340000AB61 /* ala.pdb */; };
		1F09BDCD198060340000AB61 /* atp.pdb in Resources */ = {isa = PBXBuildFile; fileRef = 1F09BDB0198060340000AB61 /* atp.pdb */; };
		1F09BDCE198060340000AB61 /* b12.pdb in Resources */ = {isa = PBXBuildFile; fileRef = 1F09BDB1198060340000AB61 /* b12.pdb */; };
		1F09BDCF198060340000AB61 /* benzene.pdb in Resources */ = {isa = PBXBuildFile; fileRef = 1F09BDB2198060340000AB61 /* benzene.pdb */; };
		1F09BDD0198060340000AB61 /* c2h2.pdb in Resources */ = {isa = PBXBuildFile; fileRef = 1F09BDB3198060340000AB61 /* c2h2.pdb */; };
		1F09BDD1198060340000AB61 /* cys.pdb in Resources */ = {isa = PBXBuildFile; fileRef = 1F09BDB4198060340000AB61 /* cys.pdb */; };
		1F09BDD2198060340000AB61 /* diamond.pdb in Resources */ = {isa = PBXBuildFile; fileRef = 1F09BDB5198060340000AB61 /* diamond.pdb */; };
		1F09BDD3198060340000AB61 /* dna.pdb in Resources */ = {isa = PBXBuildFile; fileRef = 1F09BDB6198060340000AB61 /* dna.pdb */; };
		1F09BDD4198060340000AB61 /* fullerene.pdb in Resources */ = {isa = PBXBuildFile; fileRef = 1F09BDB7198060340000AB61 /* fullerene.pdb */; };
		1F09BDD5198060340000AB61 /* gc-zdna.pdb in Resources */ = {isa = PBXBuildFile; fileRef = 1F09BDB8198060340000AB61 /* gc-zdna.pdb */; };
		1F09BDD6198060340000AB61 /* graphite.pdb in Resources */ = {isa = PBXBuildFile; fileRef = 1F09BDB9198060340000AB61 /* graphite.pdb */; };
		1F09BDD7198060340000AB61 /* hemeco.pdb in Resources */ = {isa = PBXBuildFile; fileRef = 1F09BDBA198060340000AB61 /* hemeco.pdb */; };
		1F09BDD8198060340000AB61 /* hemeo2.pdb in Resources */ = {isa = PBXBuildFile; fileRef = 1F09BDBB198060340000AB61 /* hemeo2.pdb */; };
		1F09BDD9198060340000AB61 /* igg1-cac.pdb in Resources */ = {isa = PBXBuildFile; fileRef = 1F09BDBC198060340000AB61 /* igg1-cac.pdb */; };
		1F09BDDA198060340000AB61 /* lys195k.pdb in Resources */ = {isa = PBXBuildFile; fileRef = 1F09BDBD198060340000AB61 /* lys195k.pdb */; };
		1F09BDDB198060340000AB61 /* nacl.pdb in Resources */ = {isa = PBXBuildFile; fileRef = 1F09BDBE198060340000AB61 /* nacl.pdb */; };
		1F09BDDC198060340000AB61 /* octane.pdb in Resources */ = {isa = PBXBuildFile; fileRef = 1F09BDBF198060340000AB61 /* octane.pdb */; };
		1F09BDDD198060340000AB61 /* pcl5.pdb in Resources */ = {isa = PBXBuildFile; fileRef = 1F09BDC0198060340000AB61 /* pcl5.pdb */; };
		1F09BDDE198060340000AB61 /* plp.pdb in Resources */ = {isa = PBXBuildFile; fileRef = 1F09BDC1198060340000AB61 /* plp.pdb */; };
		1F09BDDF198060340000AB61 /* streptomycin.pdb in Resources */ = {isa = PBXBuildFile; fileRef = 1F09BDC2198060340000AB61 /* streptomycin.pdb */; };
		1F09BDE0198060340000AB61 /* trp.pdb in Resources */ = {isa = PBXBuildFile; fileRef = 1F09BDC3198060340000AB61 /* trp.pdb */; };
		1F09BDE1198060340000AB61 /* zdna.pdb in Resources */ = {isa = PBXBuildFile; fileRef = 1F09BDC4198060340000AB61 /* zdna.pdb */; };
		1F0B24C01ADEBF0200F26F50 /* SearchMoleculeController.swift in Sources */ = {isa = PBXBuildFile; fileRef = 1F0B24BF1ADEBF0200F26F50 /* SearchMoleculeController.swift */; };
		1F0B24C31ADEBFEF00F26F50 /* RCSBDescResponseParser.swift in Sources */ = {isa = PBXBuildFile; fileRef = 1F0B24C21ADEBFEF00F26F50 /* RCSBDescResponseParser.swift */; };
		1F0B24C51ADEC03F00F26F50 /* RCSBSearch.swift in Sources */ = {isa = PBXBuildFile; fileRef = 1F0B24C41ADEC03F00F26F50 /* RCSBSearch.swift */; };
		1F0B24F91ADF1CAE00F26F50 /* RCSBSearchReceiverDelegate.swift in Sources */ = {isa = PBXBuildFile; fileRef = 1F0B24F81ADF1CAE00F26F50 /* RCSBSearchReceiverDelegate.swift */; };
		1F18D6721A93EF600038AD97 /* BallsRenderMode.swift in Sources */ = {isa = PBXBuildFile; fileRef = 1F18D6711A93EF600038AD97 /* BallsRenderMode.swift */; };
		1F18D6741A93EFC20038AD97 /* SticksRenderMode.swift in Sources */ = {isa = PBXBuildFile; fileRef = 1F18D6731A93EFC20038AD97 /* SticksRenderMode.swift */; };
		1F18D6761A93F02F0038AD97 /* CartoonsRenderMode.swift in Sources */ = {isa = PBXBuildFile; fileRef = 1F18D6751A93F02F0038AD97 /* CartoonsRenderMode.swift */; };
		1F25D8EA1A9BDBF7006F259C /* Model.swift in Sources */ = {isa = PBXBuildFile; fileRef = 1F25D8E91A9BDBF7006F259C /* Model.swift */; };
		1F25D8EE1A9D1C34006F259C /* Spline3D.swift in Sources */ = {isa = PBXBuildFile; fileRef = 1F25D8ED1A9D1C34006F259C /* Spline3D.swift */; };
		1F2713EF19BB9F89006A5D34 /* colour-amino.png in Resources */ = {isa = PBXBuildFile; fileRef = 1F2713EB19BB9F89006A5D34 /* colour-amino.png */; };
		1F2713F019BB9F89006A5D34 /* colour-cpk.png in Resources */ = {isa = PBXBuildFile; fileRef = 1F2713EC19BB9F89006A5D34 /* colour-cpk.png */; };
		1F2713F119BB9F89006A5D34 /* mode-balls.png in Resources */ = {isa = PBXBuildFile; fileRef = 1F2713ED19BB9F89006A5D34 /* mode-balls.png */; };
		1F2713F219BB9F89006A5D34 /* mode-sticks.png in Resources */ = {isa = PBXBuildFile; fileRef = 1F2713EE19BB9F89006A5D34 /* mode-sticks.png */; };
		1F2713F819BBA1B4006A5D34 /* menu.png in Resources */ = {isa = PBXBuildFile; fileRef = 1F2713F719BBA1B4006A5D34 /* menu.png */; };
		1F2713FA19BBA6DD006A5D34 /* ControlsViewController.swift in Sources */ = {isa = PBXBuildFile; fileRef = 1F2713F919BBA6DD006A5D34 /* ControlsViewController.swift */; };
		1F2713FC19BBA929006A5D34 /* State.swift in Sources */ = {isa = PBXBuildFile; fileRef = 1F2713FB19BBA929006A5D34 /* State.swift */; };
		1F33775619AFECCF00D00068 /* Octree.swift in Sources */ = {isa = PBXBuildFile; fileRef = 1F33775519AFECCF00D00068 /* Octree.swift */; };
		1F5BB60919B27A1700BBD036 /* AtomCloud.swift in Sources */ = {isa = PBXBuildFile; fileRef = 1F5BB60819B27A1700BBD036 /* AtomCloud.swift */; };
		1F945B351968AA290029948A /* AppDelegate.swift in Sources */ = {isa = PBXBuildFile; fileRef = 1F945B341968AA290029948A /* AppDelegate.swift */; };
		1F945B371968AA290029948A /* MoleculeViewController.swift in Sources */ = {isa = PBXBuildFile; fileRef = 1F945B361968AA290029948A /* MoleculeViewController.swift */; };
		1F945B3A1968AA290029948A /* Main.storyboard in Resources */ = {isa = PBXBuildFile; fileRef = 1F945B381968AA290029948A /* Main.storyboard */; };
		1F945B3C1968AA290029948A /* Images.xcassets in Resources */ = {isa = PBXBuildFile; fileRef = 1F945B3B1968AA290029948A /* Images.xcassets */; };
		1F945B481968AA290029948A /* IMVSTests.swift in Sources */ = {isa = PBXBuildFile; fileRef = 1F945B471968AA290029948A /* IMVSTests.swift */; };
		1F945B591968BD810029948A /* Molecule.swift in Sources */ = {isa = PBXBuildFile; fileRef = 1F945B581968BD810029948A /* Molecule.swift */; };
		1F945B5B1968BD960029948A /* Atom.swift in Sources */ = {isa = PBXBuildFile; fileRef = 1F945B5A1968BD960029948A /* Atom.swift */; };
		1F945B5E1968BDB10029948A /* PDBLoader.swift in Sources */ = {isa = PBXBuildFile; fileRef = 1F945B5D1968BDB10029948A /* PDBLoader.swift */; };
		1F945B60196967A10029948A /* Point3D.swift in Sources */ = {isa = PBXBuildFile; fileRef = 1F945B5F196967A10029948A /* Point3D.swift */; };
		1F956B091979C3DA005505F8 /* SCNVector3Extensions.swift in Sources */ = {isa = PBXBuildFile; fileRef = 1F956B081979C3DA005505F8 /* SCNVector3Extensions.swift */; };
		1FE1C93C1981B28000C1AECD /* 1crn.pdb in Resources */ = {isa = PBXBuildFile; fileRef = 1FE1C93B1981B28000C1AECD /* 1crn.pdb */; };
		1FEB6BC919730035001EFADF /* Residue.swift in Sources */ = {isa = PBXBuildFile; fileRef = 1FEB6BC819730035001EFADF /* Residue.swift */; };
		1FEB6BCB19730055001EFADF /* Chain.swift in Sources */ = {isa = PBXBuildFile; fileRef = 1FEB6BCA19730055001EFADF /* Chain.swift */; };
		1FEB6BCD19730C47001EFADF /* ColourFactory.swift in Sources */ = {isa = PBXBuildFile; fileRef = 1FEB6BCC19730C47001EFADF /* ColourFactory.swift */; };
		1FEB6BCF19730D4B001EFADF /* Colour.swift in Sources */ = {isa = PBXBuildFile; fileRef = 1FEB6BCE19730D4B001EFADF /* Colour.swift */; };
		1FEB6BD119732BE1001EFADF /* MoleculeTableViewController.swift in Sources */ = {isa = PBXBuildFile; fileRef = 1FEB6BD019732BE1001EFADF /* MoleculeTableViewController.swift */; };
		1FEB6BD31973356D001EFADF /* MoleculeTableViewCell.swift in Sources */ = {isa = PBXBuildFile; fileRef = 1FEB6BD21973356D001EFADF /* MoleculeTableViewCell.swift */; };
		1FEB6BD619735421001EFADF /* RadiusFactory.swift in Sources */ = {isa = PBXBuildFile; fileRef = 1FEB6BD519735421001EFADF /* RadiusFactory.swift */; };
		1FEB6BD8197479F9001EFADF /* SecondaryStructure.swift in Sources */ = {isa = PBXBuildFile; fileRef = 1FEB6BD7197479F9001EFADF /* SecondaryStructure.swift */; };
		1FEB6BDA1974813D001EFADF /* RenderFactory.swift in Sources */ = {isa = PBXBuildFile; fileRef = 1FEB6BD91974813D001EFADF /* RenderFactory.swift */; };
		1FEB6BDC19748574001EFADF /* Bond.swift in Sources */ = {isa = PBXBuildFile; fileRef = 1FEB6BDB19748574001EFADF /* Bond.swift */; };
		1FEB6BDE197695C4001EFADF /* PeriodicTable.swift in Sources */ = {isa = PBXBuildFile; fileRef = 1FEB6BDD197695C4001EFADF /* PeriodicTable.swift */; };
/* End PBXBuildFile section */

/* Begin PBXContainerItemProxy section */
		1F945B421968AA290029948A /* PBXContainerItemProxy */ = {
			isa = PBXContainerItemProxy;
			containerPortal = 1F945B271968AA290029948A /* Project object */;
			proxyType = 1;
			remoteGlobalIDString = 1F945B2E1968AA290029948A;
			remoteInfo = IMVS;
		};
/* End PBXContainerItemProxy section */

/* Begin PBXFileReference section */
		1F021E821984FBB000CA831C /* PDBRestWebService.swift */ = {isa = PBXFileReference; fileEncoding = 4; lastKnownFileType = sourcecode.swift; path = PDBRestWebService.swift; sourceTree = "<group>"; };
		1F09BDA8198060340000AB61 /* 1bbe.pdb */ = {isa = PBXFileReference; fileEncoding = 4; lastKnownFileType = text; path = 1bbe.pdb; sourceTree = "<group>"; };
		1F09BDA9198060340000AB61 /* 1CF7.pdb */ = {isa = PBXFileReference; fileEncoding = 4; lastKnownFileType = text; path = 1CF7.pdb; sourceTree = "<group>"; };
		1F09BDAA198060340000AB61 /* 1iyu.pdb */ = {isa = PBXFileReference; fileEncoding = 4; lastKnownFileType = text; path = 1iyu.pdb; sourceTree = "<group>"; };
		1F09BDAB198060340000AB61 /* 1pse.pdb */ = {isa = PBXFileReference; fileEncoding = 4; lastKnownFileType = text; path = 1pse.pdb; sourceTree = "<group>"; };
		1F09BDAC198060340000AB61 /* 3INS.pdb */ = {isa = PBXFileReference; fileEncoding = 4; lastKnownFileType = text; path = 3INS.pdb; sourceTree = "<group>"; };
		1F09BDAD198060340000AB61 /* 3RFM.pdb */ = {isa = PBXFileReference; fileEncoding = 4; lastKnownFileType = text; path = 3RFM.pdb; sourceTree = "<group>"; };
		1F09BDAE198060340000AB61 /* 132l.pdb */ = {isa = PBXFileReference; fileEncoding = 4; lastKnownFileType = text; path = 132l.pdb; sourceTree = "<group>"; };
		1F09BDAF198060340000AB61 /* ala.pdb */ = {isa = PBXFileReference; fileEncoding = 4; lastKnownFileType = text; path = ala.pdb; sourceTree = "<group>"; };
		1F09BDB0198060340000AB61 /* atp.pdb */ = {isa = PBXFileReference; fileEncoding = 4; lastKnownFileType = text; path = atp.pdb; sourceTree = "<group>"; };
		1F09BDB1198060340000AB61 /* b12.pdb */ = {isa = PBXFileReference; fileEncoding = 4; lastKnownFileType = text; path = b12.pdb; sourceTree = "<group>"; };
		1F09BDB2198060340000AB61 /* benzene.pdb */ = {isa = PBXFileReference; fileEncoding = 4; lastKnownFileType = text; path = benzene.pdb; sourceTree = "<group>"; };
		1F09BDB3198060340000AB61 /* c2h2.pdb */ = {isa = PBXFileReference; fileEncoding = 4; lastKnownFileType = text; path = c2h2.pdb; sourceTree = "<group>"; };
		1F09BDB4198060340000AB61 /* cys.pdb */ = {isa = PBXFileReference; fileEncoding = 4; lastKnownFileType = text; path = cys.pdb; sourceTree = "<group>"; };
		1F09BDB5198060340000AB61 /* diamond.pdb */ = {isa = PBXFileReference; fileEncoding = 4; lastKnownFileType = text; path = diamond.pdb; sourceTree = "<group>"; };
		1F09BDB6198060340000AB61 /* dna.pdb */ = {isa = PBXFileReference; fileEncoding = 4; lastKnownFileType = text; path = dna.pdb; sourceTree = "<group>"; };
		1F09BDB7198060340000AB61 /* fullerene.pdb */ = {isa = PBXFileReference; fileEncoding = 4; lastKnownFileType = text; path = fullerene.pdb; sourceTree = "<group>"; };
		1F09BDB8198060340000AB61 /* gc-zdna.pdb */ = {isa = PBXFileReference; fileEncoding = 4; lastKnownFileType = text; path = "gc-zdna.pdb"; sourceTree = "<group>"; };
		1F09BDB9198060340000AB61 /* graphite.pdb */ = {isa = PBXFileReference; fileEncoding = 4; lastKnownFileType = text; path = graphite.pdb; sourceTree = "<group>"; };
		1F09BDBA198060340000AB61 /* hemeco.pdb */ = {isa = PBXFileReference; fileEncoding = 4; lastKnownFileType = text; path = hemeco.pdb; sourceTree = "<group>"; };
		1F09BDBB198060340000AB61 /* hemeo2.pdb */ = {isa = PBXFileReference; fileEncoding = 4; lastKnownFileType = text; path = hemeo2.pdb; sourceTree = "<group>"; };
		1F09BDBC198060340000AB61 /* igg1-cac.pdb */ = {isa = PBXFileReference; fileEncoding = 4; lastKnownFileType = text; path = "igg1-cac.pdb"; sourceTree = "<group>"; };
		1F09BDBD198060340000AB61 /* lys195k.pdb */ = {isa = PBXFileReference; fileEncoding = 4; lastKnownFileType = text; path = lys195k.pdb; sourceTree = "<group>"; };
		1F09BDBE198060340000AB61 /* nacl.pdb */ = {isa = PBXFileReference; fileEncoding = 4; lastKnownFileType = text; path = nacl.pdb; sourceTree = "<group>"; };
		1F09BDBF198060340000AB61 /* octane.pdb */ = {isa = PBXFileReference; fileEncoding = 4; lastKnownFileType = text; path = octane.pdb; sourceTree = "<group>"; };
		1F09BDC0198060340000AB61 /* pcl5.pdb */ = {isa = PBXFileReference; fileEncoding = 4; lastKnownFileType = text; path = pcl5.pdb; sourceTree = "<group>"; };
		1F09BDC1198060340000AB61 /* plp.pdb */ = {isa = PBXFileReference; fileEncoding = 4; lastKnownFileType = text; path = plp.pdb; sourceTree = "<group>"; };
		1F09BDC2198060340000AB61 /* streptomycin.pdb */ = {isa = PBXFileReference; fileEncoding = 4; lastKnownFileType = text; path = streptomycin.pdb; sourceTree = "<group>"; };
		1F09BDC3198060340000AB61 /* trp.pdb */ = {isa = PBXFileReference; fileEncoding = 4; lastKnownFileType = text; path = trp.pdb; sourceTree = "<group>"; };
		1F09BDC4198060340000AB61 /* zdna.pdb */ = {isa = PBXFileReference; fileEncoding = 4; lastKnownFileType = text; path = zdna.pdb; sourceTree = "<group>"; };
		1F0B24BF1ADEBF0200F26F50 /* SearchMoleculeController.swift */ = {isa = PBXFileReference; fileEncoding = 4; lastKnownFileType = sourcecode.swift; path = SearchMoleculeController.swift; sourceTree = "<group>"; };
		1F0B24C21ADEBFEF00F26F50 /* RCSBDescResponseParser.swift */ = {isa = PBXFileReference; fileEncoding = 4; lastKnownFileType = sourcecode.swift; path = RCSBDescResponseParser.swift; sourceTree = "<group>"; };
		1F0B24C41ADEC03F00F26F50 /* RCSBSearch.swift */ = {isa = PBXFileReference; fileEncoding = 4; lastKnownFileType = sourcecode.swift; path = RCSBSearch.swift; sourceTree = "<group>"; };
		1F0B24F81ADF1CAE00F26F50 /* RCSBSearchReceiverDelegate.swift */ = {isa = PBXFileReference; fileEncoding = 4; lastKnownFileType = sourcecode.swift; path = RCSBSearchReceiverDelegate.swift; sourceTree = "<group>"; };
		1F18D6711A93EF600038AD97 /* BallsRenderMode.swift */ = {isa = PBXFileReference; fileEncoding = 4; lastKnownFileType = sourcecode.swift; path = BallsRenderMode.swift; sourceTree = "<group>"; };
		1F18D6731A93EFC20038AD97 /* SticksRenderMode.swift */ = {isa = PBXFileReference; fileEncoding = 4; lastKnownFileType = sourcecode.swift; path = SticksRenderMode.swift; sourceTree = "<group>"; };
		1F18D6751A93F02F0038AD97 /* CartoonsRenderMode.swift */ = {isa = PBXFileReference; fileEncoding = 4; lastKnownFileType = sourcecode.swift; path = CartoonsRenderMode.swift; sourceTree = "<group>"; };
		1F25D8E91A9BDBF7006F259C /* Model.swift */ = {isa = PBXFileReference; fileEncoding = 4; lastKnownFileType = sourcecode.swift; path = Model.swift; sourceTree = "<group>"; };
		1F25D8ED1A9D1C34006F259C /* Spline3D.swift */ = {isa = PBXFileReference; fileEncoding = 4; lastKnownFileType = sourcecode.swift; path = Spline3D.swift; sourceTree = "<group>"; };
		1F2713EB19BB9F89006A5D34 /* colour-amino.png */ = {isa = PBXFileReference; lastKnownFileType = image.png; path = "colour-amino.png"; sourceTree = "<group>"; };
		1F2713EC19BB9F89006A5D34 /* colour-cpk.png */ = {isa = PBXFileReference; lastKnownFileType = image.png; path = "colour-cpk.png"; sourceTree = "<group>"; };
		1F2713ED19BB9F89006A5D34 /* mode-balls.png */ = {isa = PBXFileReference; lastKnownFileType = image.png; path = "mode-balls.png"; sourceTree = "<group>"; };
		1F2713EE19BB9F89006A5D34 /* mode-sticks.png */ = {isa = PBXFileReference; lastKnownFileType = image.png; path = "mode-sticks.png"; sourceTree = "<group>"; };
		1F2713F719BBA1B4006A5D34 /* menu.png */ = {isa = PBXFileReference; lastKnownFileType = image.png; path = menu.png; sourceTree = "<group>"; };
		1F2713F919BBA6DD006A5D34 /* ControlsViewController.swift */ = {isa = PBXFileReference; fileEncoding = 4; lastKnownFileType = sourcecode.swift; path = ControlsViewController.swift; sourceTree = "<group>"; };
		1F2713FB19BBA929006A5D34 /* State.swift */ = {isa = PBXFileReference; fileEncoding = 4; lastKnownFileType = sourcecode.swift; path = State.swift; sourceTree = "<group>"; };
		1F33775519AFECCF00D00068 /* Octree.swift */ = {isa = PBXFileReference; fileEncoding = 4; lastKnownFileType = sourcecode.swift; path = Octree.swift; sourceTree = "<group>"; };
		1F5BB60819B27A1700BBD036 /* AtomCloud.swift */ = {isa = PBXFileReference; fileEncoding = 4; lastKnownFileType = sourcecode.swift; path = AtomCloud.swift; sourceTree = "<group>"; };
		1F945B2F1968AA290029948A /* IMVS.app */ = {isa = PBXFileReference; explicitFileType = wrapper.application; includeInIndex = 0; path = IMVS.app; sourceTree = BUILT_PRODUCTS_DIR; };
		1F945B331968AA290029948A /* Info.plist */ = {isa = PBXFileReference; lastKnownFileType = text.plist.xml; path = Info.plist; sourceTree = "<group>"; };
		1F945B341968AA290029948A /* AppDelegate.swift */ = {isa = PBXFileReference; lastKnownFileType = sourcecode.swift; path = AppDelegate.swift; sourceTree = "<group>"; };
		1F945B361968AA290029948A /* MoleculeViewController.swift */ = {isa = PBXFileReference; lastKnownFileType = sourcecode.swift; path = MoleculeViewController.swift; sourceTree = "<group>"; };
		1F945B391968AA290029948A /* Base */ = {isa = PBXFileReference; lastKnownFileType = file.storyboard; name = Base; path = Base.lproj/Main.storyboard; sourceTree = "<group>"; };
		1F945B3B1968AA290029948A /* Images.xcassets */ = {isa = PBXFileReference; lastKnownFileType = folder.assetcatalog; path = Images.xcassets; sourceTree = "<group>"; };
		1F945B411968AA290029948A /* IMVSTests.xctest */ = {isa = PBXFileReference; explicitFileType = wrapper.cfbundle; includeInIndex = 0; path = IMVSTests.xctest; sourceTree = BUILT_PRODUCTS_DIR; };
		1F945B461968AA290029948A /* Info.plist */ = {isa = PBXFileReference; lastKnownFileType = text.plist.xml; path = Info.plist; sourceTree = "<group>"; };
		1F945B471968AA290029948A /* IMVSTests.swift */ = {isa = PBXFileReference; lastKnownFileType = sourcecode.swift; path = IMVSTests.swift; sourceTree = "<group>"; };
		1F945B581968BD810029948A /* Molecule.swift */ = {isa = PBXFileReference; fileEncoding = 4; lastKnownFileType = sourcecode.swift; path = Molecule.swift; sourceTree = "<group>"; };
		1F945B5A1968BD960029948A /* Atom.swift */ = {isa = PBXFileReference; fileEncoding = 4; lastKnownFileType = sourcecode.swift; path = Atom.swift; sourceTree = "<group>"; };
		1F945B5D1968BDB10029948A /* PDBLoader.swift */ = {isa = PBXFileReference; fileEncoding = 4; lastKnownFileType = sourcecode.swift; path = PDBLoader.swift; sourceTree = "<group>"; };
		1F945B5F196967A10029948A /* Point3D.swift */ = {isa = PBXFileReference; fileEncoding = 4; lastKnownFileType = sourcecode.swift; path = Point3D.swift; sourceTree = "<group>"; };
		1F956B081979C3DA005505F8 /* SCNVector3Extensions.swift */ = {isa = PBXFileReference; fileEncoding = 4; lastKnownFileType = sourcecode.swift; path = SCNVector3Extensions.swift; sourceTree = "<group>"; };
		1FE1C93B1981B28000C1AECD /* 1crn.pdb */ = {isa = PBXFileReference; fileEncoding = 4; lastKnownFileType = text; path = 1crn.pdb; sourceTree = "<group>"; };
		1FEB6BC819730035001EFADF /* Residue.swift */ = {isa = PBXFileReference; fileEncoding = 4; lastKnownFileType = sourcecode.swift; path = Residue.swift; sourceTree = "<group>"; };
		1FEB6BCA19730055001EFADF /* Chain.swift */ = {isa = PBXFileReference; fileEncoding = 4; lastKnownFileType = sourcecode.swift; path = Chain.swift; sourceTree = "<group>"; };
		1FEB6BCC19730C47001EFADF /* ColourFactory.swift */ = {isa = PBXFileReference; fileEncoding = 4; lastKnownFileType = sourcecode.swift; path = ColourFactory.swift; sourceTree = "<group>"; };
		1FEB6BCE19730D4B001EFADF /* Colour.swift */ = {isa = PBXFileReference; fileEncoding = 4; lastKnownFileType = sourcecode.swift; path = Colour.swift; sourceTree = "<group>"; };
		1FEB6BD019732BE1001EFADF /* MoleculeTableViewController.swift */ = {isa = PBXFileReference; fileEncoding = 4; lastKnownFileType = sourcecode.swift; path = MoleculeTableViewController.swift; sourceTree = "<group>"; };
		1FEB6BD21973356D001EFADF /* MoleculeTableViewCell.swift */ = {isa = PBXFileReference; fileEncoding = 4; lastKnownFileType = sourcecode.swift; path = MoleculeTableViewCell.swift; sourceTree = "<group>"; };
		1FEB6BD519735421001EFADF /* RadiusFactory.swift */ = {isa = PBXFileReference; fileEncoding = 4; lastKnownFileType = sourcecode.swift; path = RadiusFactory.swift; sourceTree = "<group>"; };
		1FEB6BD7197479F9001EFADF /* SecondaryStructure.swift */ = {isa = PBXFileReference; fileEncoding = 4; lastKnownFileType = sourcecode.swift; path = SecondaryStructure.swift; sourceTree = "<group>"; };
		1FEB6BD91974813D001EFADF /* RenderFactory.swift */ = {isa = PBXFileReference; fileEncoding = 4; lastKnownFileType = sourcecode.swift; path = RenderFactory.swift; sourceTree = "<group>"; };
		1FEB6BDB19748574001EFADF /* Bond.swift */ = {isa = PBXFileReference; fileEncoding = 4; lastKnownFileType = sourcecode.swift; path = Bond.swift; sourceTree = "<group>"; };
		1FEB6BDD197695C4001EFADF /* PeriodicTable.swift */ = {isa = PBXFileReference; fileEncoding = 4; lastKnownFileType = sourcecode.swift; path = PeriodicTable.swift; sourceTree = "<group>"; };
/* End PBXFileReference section */

/* Begin PBXFrameworksBuildPhase section */
		1F945B2C1968AA290029948A /* Frameworks */ = {
			isa = PBXFrameworksBuildPhase;
			buildActionMask = 2147483647;
			files = (
			);
			runOnlyForDeploymentPostprocessing = 0;
		};
		1F945B3E1968AA290029948A /* Frameworks */ = {
			isa = PBXFrameworksBuildPhase;
			buildActionMask = 2147483647;
			files = (
			);
			runOnlyForDeploymentPostprocessing = 0;
		};
/* End PBXFrameworksBuildPhase section */

/* Begin PBXGroup section */
		1F021E811984FB9100CA831C /* Network */ = {
			isa = PBXGroup;
			children = (
				1F021E821984FBB000CA831C /* PDBRestWebService.swift */,
			);
			name = Network;
			sourceTree = "<group>";
		};
		1F0B24C11ADEBFD000F26F50 /* RCSB */ = {
			isa = PBXGroup;
			children = (
				1F0B24C21ADEBFEF00F26F50 /* RCSBDescResponseParser.swift */,
				1F0B24C41ADEC03F00F26F50 /* RCSBSearch.swift */,
				1F0B24F81ADF1CAE00F26F50 /* RCSBSearchReceiverDelegate.swift */,
			);
			name = RCSB;
			sourceTree = "<group>";
		};
		1F18D6701A93EF3B0038AD97 /* RenderModes */ = {
			isa = PBXGroup;
			children = (
				1F18D6711A93EF600038AD97 /* BallsRenderMode.swift */,
				1F18D6731A93EFC20038AD97 /* SticksRenderMode.swift */,
				1F18D6751A93F02F0038AD97 /* CartoonsRenderMode.swift */,
			);
			name = RenderModes;
			sourceTree = "<group>";
		};
		1F945B261968AA290029948A = {
			isa = PBXGroup;
			children = (
				1F945B311968AA290029948A /* IMVS */,
				1F945B441968AA290029948A /* IMVSTests */,
				1F945B301968AA290029948A /* Products */,
			);
			sourceTree = "<group>";
		};
		1F945B301968AA290029948A /* Products */ = {
			isa = PBXGroup;
			children = (
				1F945B2F1968AA290029948A /* IMVS.app */,
				1F945B411968AA290029948A /* IMVSTests.xctest */,
			);
			name = Products;
			sourceTree = "<group>";
		};
		1F945B311968AA290029948A /* IMVS */ = {
			isa = PBXGroup;
			children = (
				1F956B071979C3C8005505F8 /* Util */,
				1FEB6B7B1972EB3D001EFADF /* View */,
				1F945B5C1968BD9E0029948A /* Data */,
				1F945B571968BD6B0029948A /* Model */,
				1F945B341968AA290029948A /* AppDelegate.swift */,
				1F945B381968AA290029948A /* Main.storyboard */,
				1F945B3B1968AA290029948A /* Images.xcassets */,
				1F945B321968AA290029948A /* Supporting Files */,
			);
			path = IMVS;
			sourceTree = "<group>";
		};
		1F945B321968AA290029948A /* Supporting Files */ = {
			isa = PBXGroup;
			children = (
				1F2713F719BBA1B4006A5D34 /* menu.png */,
				1F2713EB19BB9F89006A5D34 /* colour-amino.png */,
				1F2713EC19BB9F89006A5D34 /* colour-cpk.png */,
				1F2713ED19BB9F89006A5D34 /* mode-balls.png */,
				1F2713EE19BB9F89006A5D34 /* mode-sticks.png */,
				1FEB6B741972E7A0001EFADF /* pdb */,
				1F945B331968AA290029948A /* Info.plist */,
			);
			name = "Supporting Files";
			sourceTree = "<group>";
		};
		1F945B441968AA290029948A /* IMVSTests */ = {
			isa = PBXGroup;
			children = (
				1F945B471968AA290029948A /* IMVSTests.swift */,
				1F945B451968AA290029948A /* Supporting Files */,
			);
			path = IMVSTests;
			sourceTree = "<group>";
		};
		1F945B451968AA290029948A /* Supporting Files */ = {
			isa = PBXGroup;
			children = (
				1F945B461968AA290029948A /* Info.plist */,
			);
			name = "Supporting Files";
			sourceTree = "<group>";
		};
		1F945B571968BD6B0029948A /* Model */ = {
			isa = PBXGroup;
			children = (
				1F945B581968BD810029948A /* Molecule.swift */,
				1F945B5A1968BD960029948A /* Atom.swift */,
				1F5BB60819B27A1700BBD036 /* AtomCloud.swift */,
				1F945B5F196967A10029948A /* Point3D.swift */,
				1FEB6BC819730035001EFADF /* Residue.swift */,
				1FEB6BCA19730055001EFADF /* Chain.swift */,
				1FEB6BD7197479F9001EFADF /* SecondaryStructure.swift */,
				1FEB6BDB19748574001EFADF /* Bond.swift */,
				1FEB6BDD197695C4001EFADF /* PeriodicTable.swift */,
				1F33775519AFECCF00D00068 /* Octree.swift */,
				1F2713FB19BBA929006A5D34 /* State.swift */,
				1F25D8E91A9BDBF7006F259C /* Model.swift */,
			);
			name = Model;
			sourceTree = "<group>";
		};
		1F945B5C1968BD9E0029948A /* Data */ = {
			isa = PBXGroup;
			children = (
				1F021E811984FB9100CA831C /* Network */,
				1F945B5D1968BDB10029948A /* PDBLoader.swift */,
			);
			name = Data;
			sourceTree = "<group>";
		};
		1F956B071979C3C8005505F8 /* Util */ = {
			isa = PBXGroup;
			children = (
				1F956B081979C3DA005505F8 /* SCNVector3Extensions.swift */,
			);
			name = Util;
			sourceTree = "<group>";
		};
		1FEB6B741972E7A0001EFADF /* pdb */ = {
			isa = PBXGroup;
			children = (
				1F09BDA8198060340000AB61 /* 1bbe.pdb */,
				1F09BDA9198060340000AB61 /* 1CF7.pdb */,
				1F09BDAA198060340000AB61 /* 1iyu.pdb */,
				1F09BDAB198060340000AB61 /* 1pse.pdb */,
				1FE1C93B1981B28000C1AECD /* 1crn.pdb */,
				1F09BDAC198060340000AB61 /* 3INS.pdb */,
				1F09BDAD198060340000AB61 /* 3RFM.pdb */,
				1F09BDAE198060340000AB61 /* 132l.pdb */,
				1F09BDAF198060340000AB61 /* ala.pdb */,
				1F09BDB0198060340000AB61 /* atp.pdb */,
				1F09BDB1198060340000AB61 /* b12.pdb */,
				1F09BDB2198060340000AB61 /* benzene.pdb */,
				1F09BDB3198060340000AB61 /* c2h2.pdb */,
				1F09BDB4198060340000AB61 /* cys.pdb */,
				1F09BDB5198060340000AB61 /* diamond.pdb */,
				1F09BDB6198060340000AB61 /* dna.pdb */,
				1F09BDB7198060340000AB61 /* fullerene.pdb */,
				1F09BDB8198060340000AB61 /* gc-zdna.pdb */,
				1F09BDB9198060340000AB61 /* graphite.pdb */,
				1F09BDBA198060340000AB61 /* hemeco.pdb */,
				1F09BDBB198060340000AB61 /* hemeo2.pdb */,
				1F09BDBC198060340000AB61 /* igg1-cac.pdb */,
				1F09BDBD198060340000AB61 /* lys195k.pdb */,
				1F09BDBE198060340000AB61 /* nacl.pdb */,
				1F09BDBF198060340000AB61 /* octane.pdb */,
				1F09BDC0198060340000AB61 /* pcl5.pdb */,
				1F09BDC1198060340000AB61 /* plp.pdb */,
				1F09BDC2198060340000AB61 /* streptomycin.pdb */,
				1F09BDC3198060340000AB61 /* trp.pdb */,
				1F09BDC4198060340000AB61 /* zdna.pdb */,
			);
			path = pdb;
			sourceTree = "<group>";
		};
		1FEB6B7B1972EB3D001EFADF /* View */ = {
			isa = PBXGroup;
			children = (
				1F0B24C11ADEBFD000F26F50 /* RCSB */,
				1FEB6BD419733C48001EFADF /* Rendering */,
				1FEB6BD019732BE1001EFADF /* MoleculeTableViewController.swift */,
				1FEB6BD21973356D001EFADF /* MoleculeTableViewCell.swift */,
				1F945B361968AA290029948A /* MoleculeViewController.swift */,
				1F0B24BF1ADEBF0200F26F50 /* SearchMoleculeController.swift */,
			);
			name = View;
			sourceTree = "<group>";
		};
		1FEB6BD419733C48001EFADF /* Rendering */ = {
			isa = PBXGroup;
			children = (
				1F18D6701A93EF3B0038AD97 /* RenderModes */,
				1FEB6BCC19730C47001EFADF /* ColourFactory.swift */,
				1FEB6BCE19730D4B001EFADF /* Colour.swift */,
				1FEB6BD519735421001EFADF /* RadiusFactory.swift */,
				1FEB6BD91974813D001EFADF /* RenderFactory.swift */,
				1F2713F919BBA6DD006A5D34 /* ControlsViewController.swift */,
				1F25D8ED1A9D1C34006F259C /* Spline3D.swift */,
			);
			name = Rendering;
			sourceTree = "<group>";
		};
/* End PBXGroup section */

/* Begin PBXNativeTarget section */
		1F945B2E1968AA290029948A /* IMVS */ = {
			isa = PBXNativeTarget;
			buildConfigurationList = 1F945B4B1968AA290029948A /* Build configuration list for PBXNativeTarget "IMVS" */;
			buildPhases = (
				1F945B2B1968AA290029948A /* Sources */,
				1F945B2C1968AA290029948A /* Frameworks */,
				1F945B2D1968AA290029948A /* Resources */,
			);
			buildRules = (
			);
			dependencies = (
			);
			name = IMVS;
			productName = IMVS;
			productReference = 1F945B2F1968AA290029948A /* IMVS.app */;
			productType = "com.apple.product-type.application";
		};
		1F945B401968AA290029948A /* IMVSTests */ = {
			isa = PBXNativeTarget;
			buildConfigurationList = 1F945B4E1968AA290029948A /* Build configuration list for PBXNativeTarget "IMVSTests" */;
			buildPhases = (
				1F945B3D1968AA290029948A /* Sources */,
				1F945B3E1968AA290029948A /* Frameworks */,
				1F945B3F1968AA290029948A /* Resources */,
			);
			buildRules = (
			);
			dependencies = (
				1F945B431968AA290029948A /* PBXTargetDependency */,
			);
			name = IMVSTests;
			productName = IMVSTests;
			productReference = 1F945B411968AA290029948A /* IMVSTests.xctest */;
			productType = "com.apple.product-type.bundle.unit-test";
		};
/* End PBXNativeTarget section */

/* Begin PBXProject section */
		1F945B271968AA290029948A /* Project object */ = {
			isa = PBXProject;
			attributes = {
				LastUpgradeCheck = 0600;
				ORGANIZATIONNAME = "Allistair Crossley";
				TargetAttributes = {
					1F945B2E1968AA290029948A = {
						CreatedOnToolsVersion = 6.0;
					};
					1F945B401968AA290029948A = {
						CreatedOnToolsVersion = 6.0;
						TestTargetID = 1F945B2E1968AA290029948A;
					};
				};
			};
			buildConfigurationList = 1F945B2A1968AA290029948A /* Build configuration list for PBXProject "IMVS" */;
			compatibilityVersion = "Xcode 3.2";
			developmentRegion = English;
			hasScannedForEncodings = 0;
			knownRegions = (
				en,
				Base,
			);
			mainGroup = 1F945B261968AA290029948A;
			productRefGroup = 1F945B301968AA290029948A /* Products */;
			projectDirPath = "";
			projectRoot = "";
			targets = (
				1F945B2E1968AA290029948A /* IMVS */,
				1F945B401968AA290029948A /* IMVSTests */,
			);
		};
/* End PBXProject section */

/* Begin PBXResourcesBuildPhase section */
		1F945B2D1968AA290029948A /* Resources */ = {
			isa = PBXResourcesBuildPhase;
			buildActionMask = 2147483647;
			files = (
				1F09BDCE198060340000AB61 /* b12.pdb in Resources */,
				1F09BDD4198060340000AB61 /* fullerene.pdb in Resources */,
				1F945B3A1968AA290029948A /* Main.storyboard in Resources */,
				1F09BDDE198060340000AB61 /* plp.pdb in Resources */,
				1F2713F819BBA1B4006A5D34 /* menu.png in Resources */,
				1F09BDC8198060340000AB61 /* 1pse.pdb in Resources */,
				1F09BDDF198060340000AB61 /* streptomycin.pdb in Resources */,
				1F2713EF19BB9F89006A5D34 /* colour-amino.png in Resources */,
				1F09BDD1198060340000AB61 /* cys.pdb in Resources */,
				1F09BDE1198060340000AB61 /* zdna.pdb in Resources */,
				1F2713F219BB9F89006A5D34 /* mode-sticks.png in Resources */,
				1F09BDCF198060340000AB61 /* benzene.pdb in Resources */,
				1F09BDDB198060340000AB61 /* nacl.pdb in Resources */,
				1F09BDC6198060340000AB61 /* 1CF7.pdb in Resources */,
				1F09BDC7198060340000AB61 /* 1iyu.pdb in Resources */,
				1F09BDCB198060340000AB61 /* 132l.pdb in Resources */,
				1F09BDDA198060340000AB61 /* lys195k.pdb in Resources */,
				1F09BDD0198060340000AB61 /* c2h2.pdb in Resources */,
				1F09BDCC198060340000AB61 /* ala.pdb in Resources */,
				1F09BDCA198060340000AB61 /* 3RFM.pdb in Resources */,
				1F09BDD6198060340000AB61 /* graphite.pdb in Resources */,
				1F09BDD3198060340000AB61 /* dna.pdb in Resources */,
				1F09BDDC198060340000AB61 /* octane.pdb in Resources */,
				1F09BDD8198060340000AB61 /* hemeo2.pdb in Resources */,
				1F09BDD2198060340000AB61 /* diamond.pdb in Resources */,
				1F2713F019BB9F89006A5D34 /* colour-cpk.png in Resources */,
				1F09BDCD198060340000AB61 /* atp.pdb in Resources */,
				1F09BDD7198060340000AB61 /* hemeco.pdb in Resources */,
				1F09BDC5198060340000AB61 /* 1bbe.pdb in Resources */,
				1F09BDD5198060340000AB61 /* gc-zdna.pdb in Resources */,
				1F2713F119BB9F89006A5D34 /* mode-balls.png in Resources */,
				1F09BDD9198060340000AB61 /* igg1-cac.pdb in Resources */,
				1FE1C93C1981B28000C1AECD /* 1crn.pdb in Resources */,
				1F09BDDD198060340000AB61 /* pcl5.pdb in Resources */,
				1F09BDE0198060340000AB61 /* trp.pdb in Resources */,
				1F945B3C1968AA290029948A /* Images.xcassets in Resources */,
				1F09BDC9198060340000AB61 /* 3INS.pdb in Resources */,
			);
			runOnlyForDeploymentPostprocessing = 0;
		};
		1F945B3F1968AA290029948A /* Resources */ = {
			isa = PBXResourcesBuildPhase;
			buildActionMask = 2147483647;
			files = (
			);
			runOnlyForDeploymentPostprocessing = 0;
		};
/* End PBXResourcesBuildPhase section */

/* Begin PBXSourcesBuildPhase section */
		1F945B2B1968AA290029948A /* Sources */ = {
			isa = PBXSourcesBuildPhase;
			buildActionMask = 2147483647;
			files = (
				1F25D8EA1A9BDBF7006F259C /* Model.swift in Sources */,
				1F945B591968BD810029948A /* Molecule.swift in Sources */,
				1FEB6BDE197695C4001EFADF /* PeriodicTable.swift in Sources */,
				1F25D8EE1A9D1C34006F259C /* Spline3D.swift in Sources */,
				1FEB6BD119732BE1001EFADF /* MoleculeTableViewController.swift in Sources */,
				1FEB6BDA1974813D001EFADF /* RenderFactory.swift in Sources */,
				1FEB6BD619735421001EFADF /* RadiusFactory.swift in Sources */,
				1F0B24C31ADEBFEF00F26F50 /* RCSBDescResponseParser.swift in Sources */,
				1F945B371968AA290029948A /* MoleculeViewController.swift in Sources */,
				1F5BB60919B27A1700BBD036 /* AtomCloud.swift in Sources */,
				1FEB6BC919730035001EFADF /* Residue.swift in Sources */,
				1FEB6BCB19730055001EFADF /* Chain.swift in Sources */,
				1F2713FC19BBA929006A5D34 /* State.swift in Sources */,
				1F945B5E1968BDB10029948A /* PDBLoader.swift in Sources */,
				1F18D6761A93F02F0038AD97 /* CartoonsRenderMode.swift in Sources */,
				1F021E831984FBB000CA831C /* PDBRestWebService.swift in Sources */,
				1F956B091979C3DA005505F8 /* SCNVector3Extensions.swift in Sources */,
				1FEB6BDC19748574001EFADF /* Bond.swift in Sources */,
				1F945B60196967A10029948A /* Point3D.swift in Sources */,
				1FEB6BCF19730D4B001EFADF /* Colour.swift in Sources */,
				1F33775619AFECCF00D00068 /* Octree.swift in Sources */,
				1F18D6741A93EFC20038AD97 /* SticksRenderMode.swift in Sources */,
				1F0B24F91ADF1CAE00F26F50 /* RCSBSearchReceiverDelegate.swift in Sources */,
				1F0B24C01ADEBF0200F26F50 /* SearchMoleculeController.swift in Sources */,
				1F0B24C51ADEC03F00F26F50 /* RCSBSearch.swift in Sources */,
				1F2713FA19BBA6DD006A5D34 /* ControlsViewController.swift in Sources */,
				1FEB6BD31973356D001EFADF /* MoleculeTableViewCell.swift in Sources */,
				1F945B5B1968BD960029948A /* Atom.swift in Sources */,
				1FEB6BCD19730C47001EFADF /* ColourFactory.swift in Sources */,
				1FEB6BD8197479F9001EFADF /* SecondaryStructure.swift in Sources */,
				1F945B351968AA290029948A /* AppDelegate.swift in Sources */,
				1F18D6721A93EF600038AD97 /* BallsRenderMode.swift in Sources */,
			);
			runOnlyForDeploymentPostprocessing = 0;
		};
		1F945B3D1968AA290029948A /* Sources */ = {
			isa = PBXSourcesBuildPhase;
			buildActionMask = 2147483647;
			files = (
				1F945B481968AA290029948A /* IMVSTests.swift in Sources */,
			);
			runOnlyForDeploymentPostprocessing = 0;
		};
/* End PBXSourcesBuildPhase section */

/* Begin PBXTargetDependency section */
		1F945B431968AA290029948A /* PBXTargetDependency */ = {
			isa = PBXTargetDependency;
			target = 1F945B2E1968AA290029948A /* IMVS */;
			targetProxy = 1F945B421968AA290029948A /* PBXContainerItemProxy */;
		};
/* End PBXTargetDependency section */

/* Begin PBXVariantGroup section */
		1F945B381968AA290029948A /* Main.storyboard */ = {
			isa = PBXVariantGroup;
			children = (
				1F945B391968AA290029948A /* Base */,
			);
			name = Main.storyboard;
			sourceTree = "<group>";
		};
/* End PBXVariantGroup section */

/* Begin XCBuildConfiguration section */
		1F945B491968AA290029948A /* Debug */ = {
			isa = XCBuildConfiguration;
			buildSettings = {
				ALWAYS_SEARCH_USER_PATHS = NO;
				CLANG_CXX_LANGUAGE_STANDARD = "gnu++0x";
				CLANG_CXX_LIBRARY = "libc++";
				CLANG_ENABLE_MODULES = YES;
				CLANG_ENABLE_OBJC_ARC = YES;
				CLANG_WARN_BOOL_CONVERSION = YES;
				CLANG_WARN_CONSTANT_CONVERSION = YES;
				CLANG_WARN_DIRECT_OBJC_ISA_USAGE = YES_ERROR;
				CLANG_WARN_EMPTY_BODY = YES;
				CLANG_WARN_ENUM_CONVERSION = YES;
				CLANG_WARN_INT_CONVERSION = YES;
				CLANG_WARN_OBJC_ROOT_CLASS = YES_ERROR;
				CLANG_WARN_UNREACHABLE_CODE = YES;
				CLANG_WARN__DUPLICATE_METHOD_MATCH = YES;
				"CODE_SIGN_IDENTITY[sdk=iphoneos*]" = "iPhone Developer";
				COPY_PHASE_STRIP = NO;
				ENABLE_STRICT_OBJC_MSGSEND = YES;
				GCC_C_LANGUAGE_STANDARD = gnu99;
				GCC_DYNAMIC_NO_PIC = NO;
				GCC_OPTIMIZATION_LEVEL = 0;
				GCC_PREPROCESSOR_DEFINITIONS = (
					"DEBUG=1",
					"$(inherited)",
				);
				GCC_SYMBOLS_PRIVATE_EXTERN = NO;
				GCC_WARN_64_TO_32_BIT_CONVERSION = YES;
				GCC_WARN_ABOUT_RETURN_TYPE = YES_ERROR;
				GCC_WARN_UNDECLARED_SELECTOR = YES;
				GCC_WARN_UNINITIALIZED_AUTOS = YES_AGGRESSIVE;
				GCC_WARN_UNUSED_FUNCTION = YES;
				GCC_WARN_UNUSED_VARIABLE = YES;
				IPHONEOS_DEPLOYMENT_TARGET = 8.0;
				METAL_ENABLE_DEBUG_INFO = YES;
				ONLY_ACTIVE_ARCH = YES;
				SDKROOT = iphoneos;
				SWIFT_OPTIMIZATION_LEVEL = "-Onone";
				TARGETED_DEVICE_FAMILY = "1,2";
			};
			name = Debug;
		};
		1F945B4A1968AA290029948A /* Release */ = {
			isa = XCBuildConfiguration;
			buildSettings = {
				ALWAYS_SEARCH_USER_PATHS = NO;
				CLANG_CXX_LANGUAGE_STANDARD = "gnu++0x";
				CLANG_CXX_LIBRARY = "libc++";
				CLANG_ENABLE_MODULES = YES;
				CLANG_ENABLE_OBJC_ARC = YES;
				CLANG_WARN_BOOL_CONVERSION = YES;
				CLANG_WARN_CONSTANT_CONVERSION = YES;
				CLANG_WARN_DIRECT_OBJC_ISA_USAGE = YES_ERROR;
				CLANG_WARN_EMPTY_BODY = YES;
				CLANG_WARN_ENUM_CONVERSION = YES;
				CLANG_WARN_INT_CONVERSION = YES;
				CLANG_WARN_OBJC_ROOT_CLASS = YES_ERROR;
				CLANG_WARN_UNREACHABLE_CODE = YES;
				CLANG_WARN__DUPLICATE_METHOD_MATCH = YES;
				"CODE_SIGN_IDENTITY[sdk=iphoneos*]" = "iPhone Developer";
				COPY_PHASE_STRIP = YES;
				ENABLE_NS_ASSERTIONS = NO;
				ENABLE_STRICT_OBJC_MSGSEND = YES;
				GCC_C_LANGUAGE_STANDARD = gnu99;
				GCC_WARN_64_TO_32_BIT_CONVERSION = YES;
				GCC_WARN_ABOUT_RETURN_TYPE = YES_ERROR;
				GCC_WARN_UNDECLARED_SELECTOR = YES;
				GCC_WARN_UNINITIALIZED_AUTOS = YES_AGGRESSIVE;
				GCC_WARN_UNUSED_FUNCTION = YES;
				GCC_WARN_UNUSED_VARIABLE = YES;
				IPHONEOS_DEPLOYMENT_TARGET = 8.0;
				METAL_ENABLE_DEBUG_INFO = NO;
				SDKROOT = iphoneos;
				TARGETED_DEVICE_FAMILY = "1,2";
				VALIDATE_PRODUCT = YES;
			};
			name = Release;
		};
		1F945B4C1968AA290029948A /* Debug */ = {
			isa = XCBuildConfiguration;
			buildSettings = {
				ASSETCATALOG_COMPILER_APPICON_NAME = AppIcon;
				ASSETCATALOG_COMPILER_LAUNCHIMAGE_NAME = LaunchImage;
				CLANG_ENABLE_MODULES = YES;
				INFOPLIST_FILE = IMVS/Info.plist;
				LD_RUNPATH_SEARCH_PATHS = "$(inherited) @executable_path/Frameworks";
				PRODUCT_NAME = "$(TARGET_NAME)";
				SWIFT_OPTIMIZATION_LEVEL = "-Onone";
			};
			name = Debug;
		};
		1F945B4D1968AA290029948A /* Release */ = {
			isa = XCBuildConfiguration;
			buildSettings = {
				ASSETCATALOG_COMPILER_APPICON_NAME = AppIcon;
				ASSETCATALOG_COMPILER_LAUNCHIMAGE_NAME = LaunchImage;
				CLANG_ENABLE_MODULES = YES;
				INFOPLIST_FILE = IMVS/Info.plist;
				LD_RUNPATH_SEARCH_PATHS = "$(inherited) @executable_path/Frameworks";
				PRODUCT_NAME = "$(TARGET_NAME)";
			};
			name = Release;
		};
		1F945B4F1968AA290029948A /* Debug */ = {
			isa = XCBuildConfiguration;
			buildSettings = {
				BUNDLE_LOADER = "$(BUILT_PRODUCTS_DIR)/IMVS.app/IMVS";
				FRAMEWORK_SEARCH_PATHS = (
					"$(SDKROOT)/Developer/Library/Frameworks",
					"$(inherited)",
				);
				GCC_PREPROCESSOR_DEFINITIONS = (
					"DEBUG=1",
					"$(inherited)",
				);
				INFOPLIST_FILE = IMVSTests/Info.plist;
				LD_RUNPATH_SEARCH_PATHS = "$(inherited) @executable_path/Frameworks @loader_path/Frameworks";
				METAL_ENABLE_DEBUG_INFO = YES;
				PRODUCT_NAME = "$(TARGET_NAME)";
				TEST_HOST = "$(BUNDLE_LOADER)";
			};
			name = Debug;
		};
		1F945B501968AA290029948A /* Release */ = {
			isa = XCBuildConfiguration;
			buildSettings = {
				BUNDLE_LOADER = "$(BUILT_PRODUCTS_DIR)/IMVS.app/IMVS";
				FRAMEWORK_SEARCH_PATHS = (
					"$(SDKROOT)/Developer/Library/Frameworks",
					"$(inherited)",
				);
				INFOPLIST_FILE = IMVSTests/Info.plist;
				LD_RUNPATH_SEARCH_PATHS = "$(inherited) @executable_path/Frameworks @loader_path/Frameworks";
				METAL_ENABLE_DEBUG_INFO = NO;
				PRODUCT_NAME = "$(TARGET_NAME)";
				TEST_HOST = "$(BUNDLE_LOADER)";
			};
			name = Release;
		};
/* End XCBuildConfiguration section */

/* Begin XCConfigurationList section */
		1F945B2A1968AA290029948A /* Build configuration list for PBXProject "IMVS" */ = {
			isa = XCConfigurationList;
			buildConfigurations = (
				1F945B491968AA290029948A /* Debug */,
				1F945B4A1968AA290029948A /* Release */,
			);
			defaultConfigurationIsVisible = 0;
			defaultConfigurationName = Release;
		};
		1F945B4B1968AA290029948A /* Build configuration list for PBXNativeTarget "IMVS" */ = {
			isa = XCConfigurationList;
			buildConfigurations = (
				1F945B4C1968AA290029948A /* Debug */,
				1F945B4D1968AA290029948A /* Release */,
			);
			defaultConfigurationIsVisible = 0;
			defaultConfigurationName = Release;
		};
		1F945B4E1968AA290029948A /* Build configuration list for PBXNativeTarget "IMVSTests" */ = {
			isa = XCConfigurationList;
			buildConfigurations = (
				1F945B4F1968AA290029948A /* Debug */,
				1F945B501968AA290029948A /* Release */,
			);
			defaultConfigurationIsVisible = 0;
			defaultConfigurationName = Release;
		};
/* End XCConfigurationList section */
	};
	rootObject = 1F945B271968AA290029948A /* Project object */;
}
